
Microsoft Visual Studio Solution File, Format Version 12.00
# Visual Studio 15
VisualStudioVersion = 15.0.26124.0
MinimumVisualStudioVersion = 15.0.26124.0
Project("{FAE04EC0-301F-11D3-BF4B-00C04F79EFBC}") = "Domain", "Domain\Domain.csproj", "{91DD9E0D-D31C-49C5-AF72-78C77A9B3812}"
EndProject
Project("{FAE04EC0-301F-11D3-BF4B-00C04F79EFBC}") = "Application", "Application\Application.csproj", "{21B01D92-2DC4-427E-97D3-48678793DDDF}"
EndProject
Project("{FAE04EC0-301F-11D3-BF4B-00C04F79EFBC}") = "Persistance", "Persistance\Persistance.csproj", "{E26F5815-C7C0-4692-8F10-C21AC549158E}"
EndProject
Project("{FAE04EC0-301F-11D3-BF4B-00C04F79EFBC}") = "API", "API\API.csproj", "{C60F72C2-3F72-4AB8-A2C2-D42509D464CB}"
EndProject
Project("{FAE04EC0-301F-11D3-BF4B-00C04F79EFBC}") = "Infrastructure", "Infrastructure\Infrastructure.csproj", "{45A05F72-4DC9-4D7A-BA90-9D57E616617D}"
EndProject
Global
	GlobalSection(SolutionConfigurationPlatforms) = preSolution
		Debug|Any CPU = Debug|Any CPU
		Debug|x64 = Debug|x64
		Debug|x86 = Debug|x86
		Release|Any CPU = Release|Any CPU
		Release|x64 = Release|x64
		Release|x86 = Release|x86
	EndGlobalSection
	GlobalSection(SolutionProperties) = preSolution
		HideSolutionNode = FALSE
	EndGlobalSection
	GlobalSection(ProjectConfigurationPlatforms) = postSolution
		{91DD9E0D-D31C-49C5-AF72-78C77A9B3812}.Debug|Any CPU.ActiveCfg = Debug|Any CPU
		{91DD9E0D-D31C-49C5-AF72-78C77A9B3812}.Debug|Any CPU.Build.0 = Debug|Any CPU
		{91DD9E0D-D31C-49C5-AF72-78C77A9B3812}.Debug|x64.ActiveCfg = Debug|Any CPU
		{91DD9E0D-D31C-49C5-AF72-78C77A9B3812}.Debug|x64.Build.0 = Debug|Any CPU
		{91DD9E0D-D31C-49C5-AF72-78C77A9B3812}.Debug|x86.ActiveCfg = Debug|Any CPU
		{91DD9E0D-D31C-49C5-AF72-78C77A9B3812}.Debug|x86.Build.0 = Debug|Any CPU
		{91DD9E0D-D31C-49C5-AF72-78C77A9B3812}.Release|Any CPU.ActiveCfg = Release|Any CPU
		{91DD9E0D-D31C-49C5-AF72-78C77A9B3812}.Release|Any CPU.Build.0 = Release|Any CPU
		{91DD9E0D-D31C-49C5-AF72-78C77A9B3812}.Release|x64.ActiveCfg = Release|Any CPU
		{91DD9E0D-D31C-49C5-AF72-78C77A9B3812}.Release|x64.Build.0 = Release|Any CPU
		{91DD9E0D-D31C-49C5-AF72-78C77A9B3812}.Release|x86.ActiveCfg = Release|Any CPU
		{91DD9E0D-D31C-49C5-AF72-78C77A9B3812}.Release|x86.Build.0 = Release|Any CPU
		{21B01D92-2DC4-427E-97D3-48678793DDDF}.Debug|Any CPU.ActiveCfg = Debug|Any CPU
		{21B01D92-2DC4-427E-97D3-48678793DDDF}.Debug|Any CPU.Build.0 = Debug|Any CPU
		{21B01D92-2DC4-427E-97D3-48678793DDDF}.Debug|x64.ActiveCfg = Debug|Any CPU
		{21B01D92-2DC4-427E-97D3-48678793DDDF}.Debug|x64.Build.0 = Debug|Any CPU
		{21B01D92-2DC4-427E-97D3-48678793DDDF}.Debug|x86.ActiveCfg = Debug|Any CPU
		{21B01D92-2DC4-427E-97D3-48678793DDDF}.Debug|x86.Build.0 = Debug|Any CPU
		{21B01D92-2DC4-427E-97D3-48678793DDDF}.Release|Any CPU.ActiveCfg = Release|Any CPU
		{21B01D92-2DC4-427E-97D3-48678793DDDF}.Release|Any CPU.Build.0 = Release|Any CPU
		{21B01D92-2DC4-427E-97D3-48678793DDDF}.Release|x64.ActiveCfg = Release|Any CPU
		{21B01D92-2DC4-427E-97D3-48678793DDDF}.Release|x64.Build.0 = Release|Any CPU
		{21B01D92-2DC4-427E-97D3-48678793DDDF}.Release|x86.ActiveCfg = Release|Any CPU
		{21B01D92-2DC4-427E-97D3-48678793DDDF}.Release|x86.Build.0 = Release|Any CPU
		{E26F5815-C7C0-4692-8F10-C21AC549158E}.Debug|Any CPU.ActiveCfg = Debug|Any CPU
		{E26F5815-C7C0-4692-8F10-C21AC549158E}.Debug|Any CPU.Build.0 = Debug|Any CPU
		{E26F5815-C7C0-4692-8F10-C21AC549158E}.Debug|x64.ActiveCfg = Debug|Any CPU
		{E26F5815-C7C0-4692-8F10-C21AC549158E}.Debug|x64.Build.0 = Debug|Any CPU
		{E26F5815-C7C0-4692-8F10-C21AC549158E}.Debug|x86.ActiveCfg = Debug|Any CPU
		{E26F5815-C7C0-4692-8F10-C21AC549158E}.Debug|x86.Build.0 = Debug|Any CPU
		{E26F5815-C7C0-4692-8F10-C21AC549158E}.Release|Any CPU.ActiveCfg = Release|Any CPU
		{E26F5815-C7C0-4692-8F10-C21AC549158E}.Release|Any CPU.Build.0 = Release|Any CPU
		{E26F5815-C7C0-4692-8F10-C21AC549158E}.Release|x64.ActiveCfg = Release|Any CPU
		{E26F5815-C7C0-4692-8F10-C21AC549158E}.Release|x64.Build.0 = Release|Any CPU
		{E26F5815-C7C0-4692-8F10-C21AC549158E}.Release|x86.ActiveCfg = Release|Any CPU
		{E26F5815-C7C0-4692-8F10-C21AC549158E}.Release|x86.Build.0 = Release|Any CPU
		{C60F72C2-3F72-4AB8-A2C2-D42509D464CB}.Debug|Any CPU.ActiveCfg = Debug|Any CPU
		{C60F72C2-3F72-4AB8-A2C2-D42509D464CB}.Debug|Any CPU.Build.0 = Debug|Any CPU
		{C60F72C2-3F72-4AB8-A2C2-D42509D464CB}.Debug|x64.ActiveCfg = Debug|Any CPU
		{C60F72C2-3F72-4AB8-A2C2-D42509D464CB}.Debug|x64.Build.0 = Debug|Any CPU
		{C60F72C2-3F72-4AB8-A2C2-D42509D464CB}.Debug|x86.ActiveCfg = Debug|Any CPU
		{C60F72C2-3F72-4AB8-A2C2-D42509D464CB}.Debug|x86.Build.0 = Debug|Any CPU
		{C60F72C2-3F72-4AB8-A2C2-D42509D464CB}.Release|Any CPU.ActiveCfg = Release|Any CPU
		{C60F72C2-3F72-4AB8-A2C2-D42509D464CB}.Release|Any CPU.Build.0 = Release|Any CPU
		{C60F72C2-3F72-4AB8-A2C2-D42509D464CB}.Release|x64.ActiveCfg = Release|Any CPU
		{C60F72C2-3F72-4AB8-A2C2-D42509D464CB}.Release|x64.Build.0 = Release|Any CPU
		{C60F72C2-3F72-4AB8-A2C2-D42509D464CB}.Release|x86.ActiveCfg = Release|Any CPU
		{C60F72C2-3F72-4AB8-A2C2-D42509D464CB}.Release|x86.Build.0 = Release|Any CPU
		{45A05F72-4DC9-4D7A-BA90-9D57E616617D}.Debug|Any CPU.ActiveCfg = Debug|Any CPU
		{45A05F72-4DC9-4D7A-BA90-9D57E616617D}.Debug|Any CPU.Build.0 = Debug|Any CPU
		{45A05F72-4DC9-4D7A-BA90-9D57E616617D}.Debug|x64.ActiveCfg = Debug|Any CPU
		{45A05F72-4DC9-4D7A-BA90-9D57E616617D}.Debug|x64.Build.0 = Debug|Any CPU
		{45A05F72-4DC9-4D7A-BA90-9D57E616617D}.Debug|x86.ActiveCfg = Debug|Any CPU
		{45A05F72-4DC9-4D7A-BA90-9D57E616617D}.Debug|x86.Build.0 = Debug|Any CPU
		{45A05F72-4DC9-4D7A-BA90-9D57E616617D}.Release|Any CPU.ActiveCfg = Release|Any CPU
		{45A05F72-4DC9-4D7A-BA90-9D57E616617D}.Release|Any CPU.Build.0 = Release|Any CPU
		{45A05F72-4DC9-4D7A-BA90-9D57E616617D}.Release|x64.ActiveCfg = Release|Any CPU
		{45A05F72-4DC9-4D7A-BA90-9D57E616617D}.Release|x64.Build.0 = Release|Any CPU
		{45A05F72-4DC9-4D7A-BA90-9D57E616617D}.Release|x86.ActiveCfg = Release|Any CPU
		{45A05F72-4DC9-4D7A-BA90-9D57E616617D}.Release|x86.Build.0 = Release|Any CPU
	EndGlobalSection
EndGlobal
